
Microsoft Visual Studio Solution File, Format Version 12.00
# Visual Studio 14
VisualStudioVersion = 14.0.25123.0
MinimumVisualStudioVersion = 10.0.40219.1
Project("{2150E333-8FDC-42A3-9474-1A3956D46DE8}") = "src", "src", "{DC08B559-A2EA-4FD9-A31E-44778C9B9035}"
EndProject
Project("{2150E333-8FDC-42A3-9474-1A3956D46DE8}") = "Solution Items", "Solution Items", "{888EADAB-C82E-4B9C-85CD-D521753B4AF5}"
	ProjectSection(SolutionItems) = preProject
		global.json = global.json
	EndProjectSection
EndProject
Project("{8BB2217D-0F2D-49D1-97BC-3654ED321F3B}") = "AMEA", "src\AMEA\AMEA.xproj", "{1AA702A2-209C-48AC-98B5-6973CED38EAD}"
EndProject
Global
	GlobalSection(SolutionConfigurationPlatforms) = preSolution
		Debug|Any CPU = Debug|Any CPU
		Release|Any CPU = Release|Any CPU
	EndGlobalSection
	GlobalSection(ProjectConfigurationPlatforms) = postSolution
		{1AA702A2-209C-48AC-98B5-6973CED38EAD}.Debug|Any CPU.ActiveCfg = Debug|Any CPU
		{1AA702A2-209C-48AC-98B5-6973CED38EAD}.Debug|Any CPU.Build.0 = Debug|Any CPU
		{1AA702A2-209C-48AC-98B5-6973CED38EAD}.Release|Any CPU.ActiveCfg = Release|Any CPU
		{1AA702A2-209C-48AC-98B5-6973CED38EAD}.Release|Any CPU.Build.0 = Release|Any CPU
	EndGlobalSection
	GlobalSection(SolutionProperties) = preSolution
		HideSolutionNode = FALSE
	EndGlobalSection
	GlobalSection(NestedProjects) = preSolution
		{1AA702A2-209C-48AC-98B5-6973CED38EAD} = {DC08B559-A2EA-4FD9-A31E-44778C9B9035}
	EndGlobalSection
EndGlobal
